// !$*UTF8*$!
{
	archiveVersion = 1;
	classes = {
	};
	objectVersion = 56;
	objects = {

/* Begin PBXBuildFile section */
		B30166E52C8D15220098977C /* RestAPIAlamofire.swift in Sources */ = {isa = PBXBuildFile; fileRef = B30166E42C8D15220098977C /* RestAPIAlamofire.swift */; };
		B30166E72C8D152F0098977C /* RestUrlSession.swift in Sources */ = {isa = PBXBuildFile; fileRef = B30166E62C8D152F0098977C /* RestUrlSession.swift */; };
		B30166EA2C8D17B40098977C /* Alamofire in Frameworks */ = {isa = PBXBuildFile; productRef = B30166E92C8D17B40098977C /* Alamofire */; };
		B30166EC2C8D17B40098977C /* AlamofireDynamic in Frameworks */ = {isa = PBXBuildFile; productRef = B30166EB2C8D17B40098977C /* AlamofireDynamic */; };
		B30166F02C8D1A780098977C /* PopularesData.swift in Sources */ = {isa = PBXBuildFile; fileRef = B30166EF2C8D1A780098977C /* PopularesData.swift */; };
		B30166F22C8E05890098977C /* PeliculasApiRestView.swift in Sources */ = {isa = PBXBuildFile; fileRef = B30166F12C8E05890098977C /* PeliculasApiRestView.swift */; };
		B30D54112C802A6500A0947D /* CollectionViewCurso.swift in Sources */ = {isa = PBXBuildFile; fileRef = B30D54102C802A6500A0947D /* CollectionViewCurso.swift */; };
		B30D54132C802F2D00A0947D /* CursoCollectionViewCell.swift in Sources */ = {isa = PBXBuildFile; fileRef = B30D54122C802F2D00A0947D /* CursoCollectionViewCell.swift */; };
		B35C770A2C91441D00CB94DB /* ViewApiREST.swift in Sources */ = {isa = PBXBuildFile; fileRef = B35C77092C91441D00CB94DB /* ViewApiREST.swift */; };
		B367E3D52C6DC414004370FE /* SearchViewController.swift in Sources */ = {isa = PBXBuildFile; fileRef = B367E3D42C6DC414004370FE /* SearchViewController.swift */; };
		B367E3D72C704856004370FE /* NavegacionCursoViewController.swift in Sources */ = {isa = PBXBuildFile; fileRef = B367E3D62C704856004370FE /* NavegacionCursoViewController.swift */; };
		B367E3D92C704F52004370FE /* NavegacionDosViewController.swift in Sources */ = {isa = PBXBuildFile; fileRef = B367E3D82C704F52004370FE /* NavegacionDosViewController.swift */; };
		B3B423432C5CA09A00AA0723 /* AppDelegate.swift in Sources */ = {isa = PBXBuildFile; fileRef = B3B423422C5CA09A00AA0723 /* AppDelegate.swift */; };
		B3B423452C5CA09A00AA0723 /* SceneDelegate.swift in Sources */ = {isa = PBXBuildFile; fileRef = B3B423442C5CA09A00AA0723 /* SceneDelegate.swift */; };
		B3B423472C5CA09A00AA0723 /* ViewController.swift in Sources */ = {isa = PBXBuildFile; fileRef = B3B423462C5CA09A00AA0723 /* ViewController.swift */; };
		B3B4234A2C5CA09A00AA0723 /* Main.storyboard in Resources */ = {isa = PBXBuildFile; fileRef = B3B423482C5CA09A00AA0723 /* Main.storyboard */; };
		B3B4234C2C5CA09C00AA0723 /* Assets.xcassets in Resources */ = {isa = PBXBuildFile; fileRef = B3B4234B2C5CA09C00AA0723 /* Assets.xcassets */; };
		B3B4234F2C5CA09C00AA0723 /* LaunchScreen.storyboard in Resources */ = {isa = PBXBuildFile; fileRef = B3B4234D2C5CA09C00AA0723 /* LaunchScreen.storyboard */; };
		B3CFB4642C61ADC90020ECCD /* PalindromoViewController.swift in Sources */ = {isa = PBXBuildFile; fileRef = B3CFB4632C61ADC90020ECCD /* PalindromoViewController.swift */; };
		B3CFB4662C62E8950020ECCD /* PalindromoViewModel.swift in Sources */ = {isa = PBXBuildFile; fileRef = B3CFB4652C62E8950020ECCD /* PalindromoViewModel.swift */; };
		B3CFB4682C65999D0020ECCD /* ScrollViewController.swift in Sources */ = {isa = PBXBuildFile; fileRef = B3CFB4672C65999D0020ECCD /* ScrollViewController.swift */; };
		B3CFB46A2C6713970020ECCD /* WebViewController.swift in Sources */ = {isa = PBXBuildFile; fileRef = B3CFB4692C6713970020ECCD /* WebViewController.swift */; };
		B3CFB46C2C68122B0020ECCD /* MapViewController.swift in Sources */ = {isa = PBXBuildFile; fileRef = B3CFB46B2C68122B0020ECCD /* MapViewController.swift */; };
		B3CFB46E2C69292F0020ECCD /* PageViewController.swift in Sources */ = {isa = PBXBuildFile; fileRef = B3CFB46D2C69292F0020ECCD /* PageViewController.swift */; };
		B3DE286D2C5D9D6B00F9BE12 /* VistasViewController.swift in Sources */ = {isa = PBXBuildFile; fileRef = B3DE286C2C5D9D6B00F9BE12 /* VistasViewController.swift */; };
		B3DE286F2C5DA13500F9BE12 /* ControlsAndViewsViewController.swift in Sources */ = {isa = PBXBuildFile; fileRef = B3DE286E2C5DA13500F9BE12 /* ControlsAndViewsViewController.swift */; };
		B3DE28712C5DA17A00F9BE12 /* ViewHome.swift in Sources */ = {isa = PBXBuildFile; fileRef = B3DE28702C5DA17A00F9BE12 /* ViewHome.swift */; };
		B3DE28732C5DA18F00F9BE12 /* VistasCurso.swift in Sources */ = {isa = PBXBuildFile; fileRef = B3DE28722C5DA18F00F9BE12 /* VistasCurso.swift */; };
		B3FDE4902C758ADE008C8599 /* NavegacionTresViewController.swift in Sources */ = {isa = PBXBuildFile; fileRef = B3FDE48F2C758ADE008C8599 /* NavegacionTresViewController.swift */; };
		B3FDE4922C758AF1008C8599 /* NavegacionCuatroViewController.swift in Sources */ = {isa = PBXBuildFile; fileRef = B3FDE4912C758AF1008C8599 /* NavegacionCuatroViewController.swift */; };
		B3FDE4962C76CE12008C8599 /* ViewNavegacion.swift in Sources */ = {isa = PBXBuildFile; fileRef = B3FDE4952C76CE12008C8599 /* ViewNavegacion.swift */; };
		B3FDE49B2C7A9AFF008C8599 /* TableViewCurso.swift in Sources */ = {isa = PBXBuildFile; fileRef = B3FDE49A2C7A9AFF008C8599 /* TableViewCurso.swift */; };
		B3FDE4A12C7BAE26008C8599 /* CellViewCurso.swift in Sources */ = {isa = PBXBuildFile; fileRef = B3FDE4A02C7BAE26008C8599 /* CellViewCurso.swift */; };
		B3FDE4A32C7BD52F008C8599 /* CellCustomTableViewCell.swift in Sources */ = {isa = PBXBuildFile; fileRef = B3FDE4A22C7BD52F008C8599 /* CellCustomTableViewCell.swift */; };
/* End PBXBuildFile section */

/* Begin PBXFileReference section */
		B30166E42C8D15220098977C /* RestAPIAlamofire.swift */ = {isa = PBXFileReference; lastKnownFileType = sourcecode.swift; path = RestAPIAlamofire.swift; sourceTree = "<group>"; };
		B30166E62C8D152F0098977C /* RestUrlSession.swift */ = {isa = PBXFileReference; lastKnownFileType = sourcecode.swift; path = RestUrlSession.swift; sourceTree = "<group>"; };
		B30166EF2C8D1A780098977C /* PopularesData.swift */ = {isa = PBXFileReference; lastKnownFileType = sourcecode.swift; path = PopularesData.swift; sourceTree = "<group>"; };
		B30166F12C8E05890098977C /* PeliculasApiRestView.swift */ = {isa = PBXFileReference; lastKnownFileType = sourcecode.swift; path = PeliculasApiRestView.swift; sourceTree = "<group>"; };
		B30D54102C802A6500A0947D /* CollectionViewCurso.swift */ = {isa = PBXFileReference; lastKnownFileType = sourcecode.swift; path = CollectionViewCurso.swift; sourceTree = "<group>"; };
		B30D54122C802F2D00A0947D /* CursoCollectionViewCell.swift */ = {isa = PBXFileReference; lastKnownFileType = sourcecode.swift; path = CursoCollectionViewCell.swift; sourceTree = "<group>"; };
		B35C77092C91441D00CB94DB /* ViewApiREST.swift */ = {isa = PBXFileReference; lastKnownFileType = sourcecode.swift; path = ViewApiREST.swift; sourceTree = "<group>"; };
		B367E3D42C6DC414004370FE /* SearchViewController.swift */ = {isa = PBXFileReference; lastKnownFileType = sourcecode.swift; path = SearchViewController.swift; sourceTree = "<group>"; };
		B367E3D62C704856004370FE /* NavegacionCursoViewController.swift */ = {isa = PBXFileReference; lastKnownFileType = sourcecode.swift; path = NavegacionCursoViewController.swift; sourceTree = "<group>"; };
		B367E3D82C704F52004370FE /* NavegacionDosViewController.swift */ = {isa = PBXFileReference; lastKnownFileType = sourcecode.swift; path = NavegacionDosViewController.swift; sourceTree = "<group>"; };
		B3B4233F2C5CA09A00AA0723 /* CursoUndemy2024.app */ = {isa = PBXFileReference; explicitFileType = wrapper.application; includeInIndex = 0; path = CursoUndemy2024.app; sourceTree = BUILT_PRODUCTS_DIR; };
		B3B423422C5CA09A00AA0723 /* AppDelegate.swift */ = {isa = PBXFileReference; lastKnownFileType = sourcecode.swift; path = AppDelegate.swift; sourceTree = "<group>"; };
		B3B423442C5CA09A00AA0723 /* SceneDelegate.swift */ = {isa = PBXFileReference; lastKnownFileType = sourcecode.swift; path = SceneDelegate.swift; sourceTree = "<group>"; };
		B3B423462C5CA09A00AA0723 /* ViewController.swift */ = {isa = PBXFileReference; lastKnownFileType = sourcecode.swift; path = ViewController.swift; sourceTree = "<group>"; };
		B3B423492C5CA09A00AA0723 /* Base */ = {isa = PBXFileReference; lastKnownFileType = file.storyboard; name = Base; path = Base.lproj/Main.storyboard; sourceTree = "<group>"; };
		B3B4234B2C5CA09C00AA0723 /* Assets.xcassets */ = {isa = PBXFileReference; lastKnownFileType = folder.assetcatalog; path = Assets.xcassets; sourceTree = "<group>"; };
		B3B4234E2C5CA09C00AA0723 /* Base */ = {isa = PBXFileReference; lastKnownFileType = file.storyboard; name = Base; path = Base.lproj/LaunchScreen.storyboard; sourceTree = "<group>"; };
		B3B423502C5CA09C00AA0723 /* Info.plist */ = {isa = PBXFileReference; lastKnownFileType = text.plist.xml; path = Info.plist; sourceTree = "<group>"; };
		B3CFB4632C61ADC90020ECCD /* PalindromoViewController.swift */ = {isa = PBXFileReference; lastKnownFileType = sourcecode.swift; path = PalindromoViewController.swift; sourceTree = "<group>"; };
		B3CFB4652C62E8950020ECCD /* PalindromoViewModel.swift */ = {isa = PBXFileReference; lastKnownFileType = sourcecode.swift; path = PalindromoViewModel.swift; sourceTree = "<group>"; };
		B3CFB4672C65999D0020ECCD /* ScrollViewController.swift */ = {isa = PBXFileReference; lastKnownFileType = sourcecode.swift; path = ScrollViewController.swift; sourceTree = "<group>"; };
		B3CFB4692C6713970020ECCD /* WebViewController.swift */ = {isa = PBXFileReference; lastKnownFileType = sourcecode.swift; path = WebViewController.swift; sourceTree = "<group>"; };
		B3CFB46B2C68122B0020ECCD /* MapViewController.swift */ = {isa = PBXFileReference; lastKnownFileType = sourcecode.swift; path = MapViewController.swift; sourceTree = "<group>"; };
		B3CFB46D2C69292F0020ECCD /* PageViewController.swift */ = {isa = PBXFileReference; lastKnownFileType = sourcecode.swift; path = PageViewController.swift; sourceTree = "<group>"; };
		B3DE286C2C5D9D6B00F9BE12 /* VistasViewController.swift */ = {isa = PBXFileReference; lastKnownFileType = sourcecode.swift; path = VistasViewController.swift; sourceTree = "<group>"; };
		B3DE286E2C5DA13500F9BE12 /* ControlsAndViewsViewController.swift */ = {isa = PBXFileReference; lastKnownFileType = sourcecode.swift; path = ControlsAndViewsViewController.swift; sourceTree = "<group>"; };
		B3DE28702C5DA17A00F9BE12 /* ViewHome.swift */ = {isa = PBXFileReference; lastKnownFileType = sourcecode.swift; path = ViewHome.swift; sourceTree = "<group>"; };
		B3DE28722C5DA18F00F9BE12 /* VistasCurso.swift */ = {isa = PBXFileReference; lastKnownFileType = sourcecode.swift; path = VistasCurso.swift; sourceTree = "<group>"; };
		B3FDE48F2C758ADE008C8599 /* NavegacionTresViewController.swift */ = {isa = PBXFileReference; lastKnownFileType = sourcecode.swift; path = NavegacionTresViewController.swift; sourceTree = "<group>"; };
		B3FDE4912C758AF1008C8599 /* NavegacionCuatroViewController.swift */ = {isa = PBXFileReference; lastKnownFileType = sourcecode.swift; path = NavegacionCuatroViewController.swift; sourceTree = "<group>"; };
		B3FDE4952C76CE12008C8599 /* ViewNavegacion.swift */ = {isa = PBXFileReference; lastKnownFileType = sourcecode.swift; path = ViewNavegacion.swift; sourceTree = "<group>"; };
		B3FDE49A2C7A9AFF008C8599 /* TableViewCurso.swift */ = {isa = PBXFileReference; lastKnownFileType = sourcecode.swift; path = TableViewCurso.swift; sourceTree = "<group>"; };
		B3FDE4A02C7BAE26008C8599 /* CellViewCurso.swift */ = {isa = PBXFileReference; lastKnownFileType = sourcecode.swift; path = CellViewCurso.swift; sourceTree = "<group>"; };
		B3FDE4A22C7BD52F008C8599 /* CellCustomTableViewCell.swift */ = {isa = PBXFileReference; lastKnownFileType = sourcecode.swift; path = CellCustomTableViewCell.swift; sourceTree = "<group>"; };
/* End PBXFileReference section */

/* Begin PBXFrameworksBuildPhase section */
		B3B4233C2C5CA09A00AA0723 /* Frameworks */ = {
			isa = PBXFrameworksBuildPhase;
			buildActionMask = 2147483647;
			files = (
				B30166EA2C8D17B40098977C /* Alamofire in Frameworks */,
				B30166EC2C8D17B40098977C /* AlamofireDynamic in Frameworks */,
			);
			runOnlyForDeploymentPostprocessing = 0;
		};
/* End PBXFrameworksBuildPhase section */

/* Begin PBXGroup section */
		B30166E32C8D115C0098977C /* APIREST */ = {
			isa = PBXGroup;
			children = (
				B35C77082C9143F800CB94DB /* ViewAPIREST */,
				B30166ED2C8D1A510098977C /* ModeloDatos */,
				B30166E42C8D15220098977C /* RestAPIAlamofire.swift */,
				B30166E62C8D152F0098977C /* RestUrlSession.swift */,
				B30166F12C8E05890098977C /* PeliculasApiRestView.swift */,
			);
			path = APIREST;
			sourceTree = "<group>";
		};
		B30166ED2C8D1A510098977C /* ModeloDatos */ = {
			isa = PBXGroup;
			children = (
				B30166EF2C8D1A780098977C /* PopularesData.swift */,
			);
			path = ModeloDatos;
			sourceTree = "<group>";
		};
		B30D540F2C802A3700A0947D /* Collection */ = {
			isa = PBXGroup;
			children = (
				B30D54142C802F3500A0947D /* cell */,
				B30D54102C802A6500A0947D /* CollectionViewCurso.swift */,
			);
			path = Collection;
			sourceTree = "<group>";
		};
		B30D54142C802F3500A0947D /* cell */ = {
			isa = PBXGroup;
			children = (
				B30D54122C802F2D00A0947D /* CursoCollectionViewCell.swift */,
			);
			path = cell;
			sourceTree = "<group>";
		};
		B35C77082C9143F800CB94DB /* ViewAPIREST */ = {
			isa = PBXGroup;
			children = (
				B35C77092C91441D00CB94DB /* ViewApiREST.swift */,
			);
			path = ViewAPIREST;
			sourceTree = "<group>";
		};
		B3B423362C5CA09A00AA0723 = {
			isa = PBXGroup;
			children = (
				B3B423412C5CA09A00AA0723 /* CursoUndemy2024 */,
				B3B423402C5CA09A00AA0723 /* Products */,
			);
			sourceTree = "<group>";
		};
		B3B423402C5CA09A00AA0723 /* Products */ = {
			isa = PBXGroup;
			children = (
				B3B4233F2C5CA09A00AA0723 /* CursoUndemy2024.app */,
			);
			name = Products;
			sourceTree = "<group>";
		};
		B3B423412C5CA09A00AA0723 /* CursoUndemy2024 */ = {
			isa = PBXGroup;
			children = (
				B30166E32C8D115C0098977C /* APIREST */,
				B30D540F2C802A3700A0947D /* Collection */,
				B3FDE4992C7A9ACC008C8599 /* Table */,
				B3FDE4942C76CC31008C8599 /* Curso */,
				B3FDE4932C76CC08008C8599 /* Navegacion */,
				B3CFB4622C61ADAF0020ECCD /* Palindromo */,
				B3B423422C5CA09A00AA0723 /* AppDelegate.swift */,
				B3B423442C5CA09A00AA0723 /* SceneDelegate.swift */,
				B3B423462C5CA09A00AA0723 /* ViewController.swift */,
				B3B423482C5CA09A00AA0723 /* Main.storyboard */,
				B3B4234B2C5CA09C00AA0723 /* Assets.xcassets */,
				B3B4234D2C5CA09C00AA0723 /* LaunchScreen.storyboard */,
				B3B423502C5CA09C00AA0723 /* Info.plist */,
			);
			path = CursoUndemy2024;
			sourceTree = "<group>";
		};
		B3CFB4622C61ADAF0020ECCD /* Palindromo */ = {
			isa = PBXGroup;
			children = (
				B3CFB4632C61ADC90020ECCD /* PalindromoViewController.swift */,
				B3CFB4652C62E8950020ECCD /* PalindromoViewModel.swift */,
			);
			path = Palindromo;
			sourceTree = "<group>";
		};
		B3FDE4932C76CC08008C8599 /* Navegacion */ = {
			isa = PBXGroup;
			children = (
				B367E3D62C704856004370FE /* NavegacionCursoViewController.swift */,
				B367E3D82C704F52004370FE /* NavegacionDosViewController.swift */,
				B3FDE48F2C758ADE008C8599 /* NavegacionTresViewController.swift */,
				B3FDE4912C758AF1008C8599 /* NavegacionCuatroViewController.swift */,
				B3FDE4952C76CE12008C8599 /* ViewNavegacion.swift */,
			);
			path = Navegacion;
			sourceTree = "<group>";
		};
		B3FDE4942C76CC31008C8599 /* Curso */ = {
			isa = PBXGroup;
			children = (
				B3DE286C2C5D9D6B00F9BE12 /* VistasViewController.swift */,
				B3DE286E2C5DA13500F9BE12 /* ControlsAndViewsViewController.swift */,
				B3DE28702C5DA17A00F9BE12 /* ViewHome.swift */,
				B3DE28722C5DA18F00F9BE12 /* VistasCurso.swift */,
				B3CFB4672C65999D0020ECCD /* ScrollViewController.swift */,
				B3CFB4692C6713970020ECCD /* WebViewController.swift */,
				B3CFB46B2C68122B0020ECCD /* MapViewController.swift */,
				B3CFB46D2C69292F0020ECCD /* PageViewController.swift */,
				B367E3D42C6DC414004370FE /* SearchViewController.swift */,
			);
			path = Curso;
			sourceTree = "<group>";
		};
		B3FDE4992C7A9ACC008C8599 /* Table */ = {
			isa = PBXGroup;
			children = (
				B3FDE49F2C7BADE4008C8599 /* cell */,
				B3FDE49A2C7A9AFF008C8599 /* TableViewCurso.swift */,
			);
			path = Table;
			sourceTree = "<group>";
		};
		B3FDE49F2C7BADE4008C8599 /* cell */ = {
			isa = PBXGroup;
			children = (
				B3FDE4A02C7BAE26008C8599 /* CellViewCurso.swift */,
				B3FDE4A22C7BD52F008C8599 /* CellCustomTableViewCell.swift */,
			);
			path = cell;
			sourceTree = "<group>";
		};
/* End PBXGroup section */

/* Begin PBXNativeTarget section */
		B3B4233E2C5CA09A00AA0723 /* CursoUndemy2024 */ = {
			isa = PBXNativeTarget;
			buildConfigurationList = B3B423532C5CA09C00AA0723 /* Build configuration list for PBXNativeTarget "CursoUndemy2024" */;
			buildPhases = (
				B3B4233B2C5CA09A00AA0723 /* Sources */,
				B3B4233C2C5CA09A00AA0723 /* Frameworks */,
				B3B4233D2C5CA09A00AA0723 /* Resources */,
			);
			buildRules = (
			);
			dependencies = (
			);
			name = CursoUndemy2024;
			packageProductDependencies = (
				B30166E92C8D17B40098977C /* Alamofire */,
				B30166EB2C8D17B40098977C /* AlamofireDynamic */,
			);
			productName = CursoUndemy2024;
			productReference = B3B4233F2C5CA09A00AA0723 /* CursoUndemy2024.app */;
			productType = "com.apple.product-type.application";
		};
/* End PBXNativeTarget section */

/* Begin PBXProject section */
		B3B423372C5CA09A00AA0723 /* Project object */ = {
			isa = PBXProject;
			attributes = {
				BuildIndependentTargetsInParallel = 1;
				LastSwiftUpdateCheck = 1520;
				LastUpgradeCheck = 1520;
				TargetAttributes = {
					B3B4233E2C5CA09A00AA0723 = {
						CreatedOnToolsVersion = 15.2;
					};
				};
			};
			buildConfigurationList = B3B4233A2C5CA09A00AA0723 /* Build configuration list for PBXProject "CursoUndemy2024" */;
			compatibilityVersion = "Xcode 14.0";
			developmentRegion = en;
			hasScannedForEncodings = 0;
			knownRegions = (
				en,
				Base,
			);
			mainGroup = B3B423362C5CA09A00AA0723;
			packageReferences = (
				B30166E82C8D17B40098977C /* XCRemoteSwiftPackageReference "Alamofire" */,
			);
			productRefGroup = B3B423402C5CA09A00AA0723 /* Products */;
			projectDirPath = "";
			projectRoot = "";
			targets = (
				B3B4233E2C5CA09A00AA0723 /* CursoUndemy2024 */,
			);
		};
/* End PBXProject section */

/* Begin PBXResourcesBuildPhase section */
		B3B4233D2C5CA09A00AA0723 /* Resources */ = {
			isa = PBXResourcesBuildPhase;
			buildActionMask = 2147483647;
			files = (
				B3B4234F2C5CA09C00AA0723 /* LaunchScreen.storyboard in Resources */,
				B3B4234C2C5CA09C00AA0723 /* Assets.xcassets in Resources */,
				B3B4234A2C5CA09A00AA0723 /* Main.storyboard in Resources */,
			);
			runOnlyForDeploymentPostprocessing = 0;
		};
/* End PBXResourcesBuildPhase section */

/* Begin PBXSourcesBuildPhase section */
		B3B4233B2C5CA09A00AA0723 /* Sources */ = {
			isa = PBXSourcesBuildPhase;
			buildActionMask = 2147483647;
			files = (
				B3FDE4922C758AF1008C8599 /* NavegacionCuatroViewController.swift in Sources */,
				B3B423472C5CA09A00AA0723 /* ViewController.swift in Sources */,
				B3FDE49B2C7A9AFF008C8599 /* TableViewCurso.swift in Sources */,
				B3CFB46A2C6713970020ECCD /* WebViewController.swift in Sources */,
				B30D54112C802A6500A0947D /* CollectionViewCurso.swift in Sources */,
				B3FDE4A32C7BD52F008C8599 /* CellCustomTableViewCell.swift in Sources */,
				B30166E52C8D15220098977C /* RestAPIAlamofire.swift in Sources */,
				B3B423432C5CA09A00AA0723 /* AppDelegate.swift in Sources */,
				B3CFB46C2C68122B0020ECCD /* MapViewController.swift in Sources */,
				B367E3D52C6DC414004370FE /* SearchViewController.swift in Sources */,
				B367E3D92C704F52004370FE /* NavegacionDosViewController.swift in Sources */,
				B3DE286F2C5DA13500F9BE12 /* ControlsAndViewsViewController.swift in Sources */,
				B30166E72C8D152F0098977C /* RestUrlSession.swift in Sources */,
				B30D54132C802F2D00A0947D /* CursoCollectionViewCell.swift in Sources */,
				B3FDE4962C76CE12008C8599 /* ViewNavegacion.swift in Sources */,
				B3CFB4682C65999D0020ECCD /* ScrollViewController.swift in Sources */,
				B30166F02C8D1A780098977C /* PopularesData.swift in Sources */,
				B3B423452C5CA09A00AA0723 /* SceneDelegate.swift in Sources */,
				B35C770A2C91441D00CB94DB /* ViewApiREST.swift in Sources */,
				B367E3D72C704856004370FE /* NavegacionCursoViewController.swift in Sources */,
				B3DE286D2C5D9D6B00F9BE12 /* VistasViewController.swift in Sources */,
				B3FDE4A12C7BAE26008C8599 /* CellViewCurso.swift in Sources */,
				B3CFB4642C61ADC90020ECCD /* PalindromoViewController.swift in Sources */,
				B3FDE4902C758ADE008C8599 /* NavegacionTresViewController.swift in Sources */,
				B3DE28712C5DA17A00F9BE12 /* ViewHome.swift in Sources */,
				B3CFB4662C62E8950020ECCD /* PalindromoViewModel.swift in Sources */,
				B3DE28732C5DA18F00F9BE12 /* VistasCurso.swift in Sources */,
				B30166F22C8E05890098977C /* PeliculasApiRestView.swift in Sources */,
				B3CFB46E2C69292F0020ECCD /* PageViewController.swift in Sources */,
			);
			runOnlyForDeploymentPostprocessing = 0;
		};
/* End PBXSourcesBuildPhase section */

/* Begin PBXVariantGroup section */
		B3B423482C5CA09A00AA0723 /* Main.storyboard */ = {
			isa = PBXVariantGroup;
			children = (
				B3B423492C5CA09A00AA0723 /* Base */,
			);
			name = Main.storyboard;
			sourceTree = "<group>";
		};
		B3B4234D2C5CA09C00AA0723 /* LaunchScreen.storyboard */ = {
			isa = PBXVariantGroup;
			children = (
				B3B4234E2C5CA09C00AA0723 /* Base */,
			);
			name = LaunchScreen.storyboard;
			sourceTree = "<group>";
		};
/* End PBXVariantGroup section */

/* Begin XCBuildConfiguration section */
		B3B423512C5CA09C00AA0723 /* Debug */ = {
			isa = XCBuildConfiguration;
			buildSettings = {
				ALWAYS_SEARCH_USER_PATHS = NO;
				ASSETCATALOG_COMPILER_GENERATE_SWIFT_ASSET_SYMBOL_EXTENSIONS = YES;
				CLANG_ANALYZER_NONNULL = YES;
				CLANG_ANALYZER_NUMBER_OBJECT_CONVERSION = YES_AGGRESSIVE;
				CLANG_CXX_LANGUAGE_STANDARD = "gnu++20";
				CLANG_ENABLE_MODULES = YES;
				CLANG_ENABLE_OBJC_ARC = YES;
				CLANG_ENABLE_OBJC_WEAK = YES;
				CLANG_WARN_BLOCK_CAPTURE_AUTORELEASING = YES;
				CLANG_WARN_BOOL_CONVERSION = YES;
				CLANG_WARN_COMMA = YES;
				CLANG_WARN_CONSTANT_CONVERSION = YES;
				CLANG_WARN_DEPRECATED_OBJC_IMPLEMENTATIONS = YES;
				CLANG_WARN_DIRECT_OBJC_ISA_USAGE = YES_ERROR;
				CLANG_WARN_DOCUMENTATION_COMMENTS = YES;
				CLANG_WARN_EMPTY_BODY = YES;
				CLANG_WARN_ENUM_CONVERSION = YES;
				CLANG_WARN_INFINITE_RECURSION = YES;
				CLANG_WARN_INT_CONVERSION = YES;
				CLANG_WARN_NON_LITERAL_NULL_CONVERSION = YES;
				CLANG_WARN_OBJC_IMPLICIT_RETAIN_SELF = YES;
				CLANG_WARN_OBJC_LITERAL_CONVERSION = YES;
				CLANG_WARN_OBJC_ROOT_CLASS = YES_ERROR;
				CLANG_WARN_QUOTED_INCLUDE_IN_FRAMEWORK_HEADER = YES;
				CLANG_WARN_RANGE_LOOP_ANALYSIS = YES;
				CLANG_WARN_STRICT_PROTOTYPES = YES;
				CLANG_WARN_SUSPICIOUS_MOVE = YES;
				CLANG_WARN_UNGUARDED_AVAILABILITY = YES_AGGRESSIVE;
				CLANG_WARN_UNREACHABLE_CODE = YES;
				CLANG_WARN__DUPLICATE_METHOD_MATCH = YES;
				COPY_PHASE_STRIP = NO;
				DEBUG_INFORMATION_FORMAT = dwarf;
				ENABLE_STRICT_OBJC_MSGSEND = YES;
				ENABLE_TESTABILITY = YES;
				ENABLE_USER_SCRIPT_SANDBOXING = YES;
				GCC_C_LANGUAGE_STANDARD = gnu17;
				GCC_DYNAMIC_NO_PIC = NO;
				GCC_NO_COMMON_BLOCKS = YES;
				GCC_OPTIMIZATION_LEVEL = 0;
				GCC_PREPROCESSOR_DEFINITIONS = (
					"DEBUG=1",
					"$(inherited)",
				);
				GCC_WARN_64_TO_32_BIT_CONVERSION = YES;
				GCC_WARN_ABOUT_RETURN_TYPE = YES_ERROR;
				GCC_WARN_UNDECLARED_SELECTOR = YES;
				GCC_WARN_UNINITIALIZED_AUTOS = YES_AGGRESSIVE;
				GCC_WARN_UNUSED_FUNCTION = YES;
				GCC_WARN_UNUSED_VARIABLE = YES;
				IPHONEOS_DEPLOYMENT_TARGET = 17.2;
				LOCALIZATION_PREFERS_STRING_CATALOGS = YES;
				MTL_ENABLE_DEBUG_INFO = INCLUDE_SOURCE;
				MTL_FAST_MATH = YES;
				ONLY_ACTIVE_ARCH = YES;
				SDKROOT = iphoneos;
				SWIFT_ACTIVE_COMPILATION_CONDITIONS = "DEBUG $(inherited)";
				SWIFT_OPTIMIZATION_LEVEL = "-Onone";
			};
			name = Debug;
		};
		B3B423522C5CA09C00AA0723 /* Release */ = {
			isa = XCBuildConfiguration;
			buildSettings = {
				ALWAYS_SEARCH_USER_PATHS = NO;
				ASSETCATALOG_COMPILER_GENERATE_SWIFT_ASSET_SYMBOL_EXTENSIONS = YES;
				CLANG_ANALYZER_NONNULL = YES;
				CLANG_ANALYZER_NUMBER_OBJECT_CONVERSION = YES_AGGRESSIVE;
				CLANG_CXX_LANGUAGE_STANDARD = "gnu++20";
				CLANG_ENABLE_MODULES = YES;
				CLANG_ENABLE_OBJC_ARC = YES;
				CLANG_ENABLE_OBJC_WEAK = YES;
				CLANG_WARN_BLOCK_CAPTURE_AUTORELEASING = YES;
				CLANG_WARN_BOOL_CONVERSION = YES;
				CLANG_WARN_COMMA = YES;
				CLANG_WARN_CONSTANT_CONVERSION = YES;
				CLANG_WARN_DEPRECATED_OBJC_IMPLEMENTATIONS = YES;
				CLANG_WARN_DIRECT_OBJC_ISA_USAGE = YES_ERROR;
				CLANG_WARN_DOCUMENTATION_COMMENTS = YES;
				CLANG_WARN_EMPTY_BODY = YES;
				CLANG_WARN_ENUM_CONVERSION = YES;
				CLANG_WARN_INFINITE_RECURSION = YES;
				CLANG_WARN_INT_CONVERSION = YES;
				CLANG_WARN_NON_LITERAL_NULL_CONVERSION = YES;
				CLANG_WARN_OBJC_IMPLICIT_RETAIN_SELF = YES;
				CLANG_WARN_OBJC_LITERAL_CONVERSION = YES;
				CLANG_WARN_OBJC_ROOT_CLASS = YES_ERROR;
				CLANG_WARN_QUOTED_INCLUDE_IN_FRAMEWORK_HEADER = YES;
				CLANG_WARN_RANGE_LOOP_ANALYSIS = YES;
				CLANG_WARN_STRICT_PROTOTYPES = YES;
				CLANG_WARN_SUSPICIOUS_MOVE = YES;
				CLANG_WARN_UNGUARDED_AVAILABILITY = YES_AGGRESSIVE;
				CLANG_WARN_UNREACHABLE_CODE = YES;
				CLANG_WARN__DUPLICATE_METHOD_MATCH = YES;
				COPY_PHASE_STRIP = NO;
				DEBUG_INFORMATION_FORMAT = "dwarf-with-dsym";
				ENABLE_NS_ASSERTIONS = NO;
				ENABLE_STRICT_OBJC_MSGSEND = YES;
				ENABLE_USER_SCRIPT_SANDBOXING = YES;
				GCC_C_LANGUAGE_STANDARD = gnu17;
				GCC_NO_COMMON_BLOCKS = YES;
				GCC_WARN_64_TO_32_BIT_CONVERSION = YES;
				GCC_WARN_ABOUT_RETURN_TYPE = YES_ERROR;
				GCC_WARN_UNDECLARED_SELECTOR = YES;
				GCC_WARN_UNINITIALIZED_AUTOS = YES_AGGRESSIVE;
				GCC_WARN_UNUSED_FUNCTION = YES;
				GCC_WARN_UNUSED_VARIABLE = YES;
				IPHONEOS_DEPLOYMENT_TARGET = 17.2;
				LOCALIZATION_PREFERS_STRING_CATALOGS = YES;
				MTL_ENABLE_DEBUG_INFO = NO;
				MTL_FAST_MATH = YES;
				SDKROOT = iphoneos;
				SWIFT_COMPILATION_MODE = wholemodule;
				VALIDATE_PRODUCT = YES;
			};
			name = Release;
		};
		B3B423542C5CA09C00AA0723 /* Debug */ = {
			isa = XCBuildConfiguration;
			buildSettings = {
				ASSETCATALOG_COMPILER_APPICON_NAME = AppIcon;
				ASSETCATALOG_COMPILER_GLOBAL_ACCENT_COLOR_NAME = AccentColor;
				CODE_SIGN_STYLE = Automatic;
				CURRENT_PROJECT_VERSION = 1;
				GENERATE_INFOPLIST_FILE = YES;
				INFOPLIST_FILE = CursoUndemy2024/Info.plist;
				INFOPLIST_KEY_UIApplicationSupportsIndirectInputEvents = YES;
				INFOPLIST_KEY_UILaunchStoryboardName = LaunchScreen;
				INFOPLIST_KEY_UIMainStoryboardFile = Main;
				INFOPLIST_KEY_UISupportedInterfaceOrientations_iPad = "UIInterfaceOrientationPortrait UIInterfaceOrientationPortraitUpsideDown UIInterfaceOrientationLandscapeLeft UIInterfaceOrientationLandscapeRight";
				INFOPLIST_KEY_UISupportedInterfaceOrientations_iPhone = "UIInterfaceOrientationPortrait UIInterfaceOrientationLandscapeLeft UIInterfaceOrientationLandscapeRight";
				LD_RUNPATH_SEARCH_PATHS = (
					"$(inherited)",
					"@executable_path/Frameworks",
				);
				MARKETING_VERSION = 1.0;
				PRODUCT_BUNDLE_IDENTIFIER = JesusAlbertoDiazDominguez.CursoUndemy2024;
				PRODUCT_NAME = "$(TARGET_NAME)";
				SWIFT_EMIT_LOC_STRINGS = YES;
				SWIFT_VERSION = 5.0;
				TARGETED_DEVICE_FAMILY = "1,2";
			};
			name = Debug;
		};
		B3B423552C5CA09C00AA0723 /* Release */ = {
			isa = XCBuildConfiguration;
			buildSettings = {
				ASSETCATALOG_COMPILER_APPICON_NAME = AppIcon;
				ASSETCATALOG_COMPILER_GLOBAL_ACCENT_COLOR_NAME = AccentColor;
				CODE_SIGN_STYLE = Automatic;
				CURRENT_PROJECT_VERSION = 1;
				GENERATE_INFOPLIST_FILE = YES;
				INFOPLIST_FILE = CursoUndemy2024/Info.plist;
				INFOPLIST_KEY_UIApplicationSupportsIndirectInputEvents = YES;
				INFOPLIST_KEY_UILaunchStoryboardName = LaunchScreen;
				INFOPLIST_KEY_UIMainStoryboardFile = Main;
				INFOPLIST_KEY_UISupportedInterfaceOrientations_iPad = "UIInterfaceOrientationPortrait UIInterfaceOrientationPortraitUpsideDown UIInterfaceOrientationLandscapeLeft UIInterfaceOrientationLandscapeRight";
				INFOPLIST_KEY_UISupportedInterfaceOrientations_iPhone = "UIInterfaceOrientationPortrait UIInterfaceOrientationLandscapeLeft UIInterfaceOrientationLandscapeRight";
				LD_RUNPATH_SEARCH_PATHS = (
					"$(inherited)",
					"@executable_path/Frameworks",
				);
				MARKETING_VERSION = 1.0;
				PRODUCT_BUNDLE_IDENTIFIER = JesusAlbertoDiazDominguez.CursoUndemy2024;
				PRODUCT_NAME = "$(TARGET_NAME)";
				SWIFT_EMIT_LOC_STRINGS = YES;
				SWIFT_VERSION = 5.0;
				TARGETED_DEVICE_FAMILY = "1,2";
			};
			name = Release;
		};
/* End XCBuildConfiguration section */

/* Begin XCConfigurationList section */
		B3B4233A2C5CA09A00AA0723 /* Build configuration list for PBXProject "CursoUndemy2024" */ = {
			isa = XCConfigurationList;
			buildConfigurations = (
				B3B423512C5CA09C00AA0723 /* Debug */,
				B3B423522C5CA09C00AA0723 /* Release */,
			);
			defaultConfigurationIsVisible = 0;
			defaultConfigurationName = Release;
		};
		B3B423532C5CA09C00AA0723 /* Build configuration list for PBXNativeTarget "CursoUndemy2024" */ = {
			isa = XCConfigurationList;
			buildConfigurations = (
				B3B423542C5CA09C00AA0723 /* Debug */,
				B3B423552C5CA09C00AA0723 /* Release */,
			);
			defaultConfigurationIsVisible = 0;
			defaultConfigurationName = Release;
		};
/* End XCConfigurationList section */

/* Begin XCRemoteSwiftPackageReference section */
		B30166E82C8D17B40098977C /* XCRemoteSwiftPackageReference "Alamofire" */ = {
			isa = XCRemoteSwiftPackageReference;
			repositoryURL = "https://github.com/Alamofire/Alamofire.git";
			requirement = {
				kind = upToNextMajorVersion;
				minimumVersion = 5.9.1;
			};
		};
/* End XCRemoteSwiftPackageReference section */

/* Begin XCSwiftPackageProductDependency section */
		B30166E92C8D17B40098977C /* Alamofire */ = {
			isa = XCSwiftPackageProductDependency;
			package = B30166E82C8D17B40098977C /* XCRemoteSwiftPackageReference "Alamofire" */;
			productName = Alamofire;
		};
		B30166EB2C8D17B40098977C /* AlamofireDynamic */ = {
			isa = XCSwiftPackageProductDependency;
			package = B30166E82C8D17B40098977C /* XCRemoteSwiftPackageReference "Alamofire" */;
			productName = AlamofireDynamic;
		};
/* End XCSwiftPackageProductDependency section */
	};
	rootObject = B3B423372C5CA09A00AA0723 /* Project object */;
}
